
Microsoft Visual Studio Solution File, Format Version 12.00
# Visual Studio Version 17
VisualStudioVersion = 17.10.35013.160
MinimumVisualStudioVersion = 10.0.40219.1
Project("{2150E333-8FDC-42A3-9474-1A3956D46DE8}") = "Src", "Src", "{74E92C85-F399-4307-A120-454617A85A4D}"
EndProject
Project("{2150E333-8FDC-42A3-9474-1A3956D46DE8}") = "Backend", "Backend", "{0575EE5F-01B9-4E5E-8064-C1AC8FDD4FDD}"
EndProject
Project("{2150E333-8FDC-42A3-9474-1A3956D46DE8}") = "Frontend", "Frontend", "{32D1CD8C-0A04-4823-9A41-F91511F7FE54}"
EndProject
Project("{2150E333-8FDC-42A3-9474-1A3956D46DE8}") = "Common", "Common", "{E43301DB-10D5-4DBF-B322-87FF96DD4154}"
EndProject
Project("{2150E333-8FDC-42A3-9474-1A3956D46DE8}") = "Infraestructure", "Infraestructure", "{714B17D8-865C-4891-9888-94260B1596CD}"
EndProject
Project("{2150E333-8FDC-42A3-9474-1A3956D46DE8}") = "Modules", "Modules", "{32B5F160-D1FA-47A7-8E9A-0418F2A4DD96}"
EndProject
Project("{FAE04EC0-301F-11D3-BF4B-00C04F79EFBC}") = "ShopMicroservices0.Common.Data", "ShopMicroservices0.Common.Data\ShopMicroservices0.Common.Data.csproj", "{74812422-B31A-44EA-BA7E-4987B67BC6D1}"
EndProject
Project("{FAE04EC0-301F-11D3-BF4B-00C04F79EFBC}") = "ShopMicroservices0.Infraestructure", "ShopMicroservices0.Infraestructure\ShopMicroservices0.Infraestructure.csproj", "{EDD5E1C6-583A-4746-871C-BA14D14A12B0}"
EndProject
Project("{2150E333-8FDC-42A3-9474-1A3956D46DE8}") = "Categories Management", "Categories Management", "{B4344CE4-D1C5-40F7-B7F8-5C17FCF95CF7}"
EndProject
Project("{2150E333-8FDC-42A3-9474-1A3956D46DE8}") = "Apis", "Apis", "{BFF12A2D-E2D0-4979-AD89-C4BE1CB39B34}"
EndProject
Project("{2150E333-8FDC-42A3-9474-1A3956D46DE8}") = "Application", "Application", "{D9D59837-65F9-447B-97B5-B6E5C3A8AC05}"
EndProject
Project("{2150E333-8FDC-42A3-9474-1A3956D46DE8}") = "Domain", "Domain", "{D0A7602E-EAB2-412D-BC0C-2E57AAF43FCF}"
EndProject
Project("{2150E333-8FDC-42A3-9474-1A3956D46DE8}") = "IOC", "IOC", "{E7968E28-BD07-4007-80F1-15309687BFE2}"
EndProject
Project("{2150E333-8FDC-42A3-9474-1A3956D46DE8}") = "Persistance", "Persistance", "{2267333A-013C-47B8-90F4-185F1CFD8584}"
EndProject
Project("{FAE04EC0-301F-11D3-BF4B-00C04F79EFBC}") = "ShopMicroservices.Categories.Api", "ShopMicroservices.Categories.Api\ShopMicroservices.Categories.Api.csproj", "{D783FDFC-BD4E-471A-BA96-C8DBDEA094B1}"
EndProject
Project("{FAE04EC0-301F-11D3-BF4B-00C04F79EFBC}") = "ShopMicroservices0.Categories.Application", "ShopMicroservices0.Categories.Application\ShopMicroservices0.Categories.Application.csproj", "{4C770F45-1D78-417D-9635-09EBD08FCAC5}"
EndProject
Project("{FAE04EC0-301F-11D3-BF4B-00C04F79EFBC}") = "ShopMicroservices0.Categories.Domain", "ShopMicroservices0.Categories.Domain\ShopMicroservices0.Categories.Domain.csproj", "{FDD73C59-FA6A-4D12-A3B9-A41B5800CC16}"
EndProject
Project("{FAE04EC0-301F-11D3-BF4B-00C04F79EFBC}") = "ShopMicroservices0.Categories.IOC", "ShopMicroservices0.Categories.IOC\ShopMicroservices0.Categories.IOC.csproj", "{914FF3A5-56B0-429A-9474-47DE37158060}"
EndProject
Project("{FAE04EC0-301F-11D3-BF4B-00C04F79EFBC}") = "ShopMicroservices0.Categories.Persistance", "ShopMicroservices0.Categories.Persistance\ShopMicroservices0.Categories.Persistance.csproj", "{240C7C15-4B3D-452A-A218-BB9B0D208DAB}"
EndProject
Global
	GlobalSection(SolutionConfigurationPlatforms) = preSolution
		Debug|Any CPU = Debug|Any CPU
		Release|Any CPU = Release|Any CPU
	EndGlobalSection
	GlobalSection(ProjectConfigurationPlatforms) = postSolution
		{74812422-B31A-44EA-BA7E-4987B67BC6D1}.Debug|Any CPU.ActiveCfg = Debug|Any CPU
		{74812422-B31A-44EA-BA7E-4987B67BC6D1}.Debug|Any CPU.Build.0 = Debug|Any CPU
		{74812422-B31A-44EA-BA7E-4987B67BC6D1}.Release|Any CPU.ActiveCfg = Release|Any CPU
		{74812422-B31A-44EA-BA7E-4987B67BC6D1}.Release|Any CPU.Build.0 = Release|Any CPU
		{EDD5E1C6-583A-4746-871C-BA14D14A12B0}.Debug|Any CPU.ActiveCfg = Debug|Any CPU
		{EDD5E1C6-583A-4746-871C-BA14D14A12B0}.Debug|Any CPU.Build.0 = Debug|Any CPU
		{EDD5E1C6-583A-4746-871C-BA14D14A12B0}.Release|Any CPU.ActiveCfg = Release|Any CPU
		{EDD5E1C6-583A-4746-871C-BA14D14A12B0}.Release|Any CPU.Build.0 = Release|Any CPU
		{D783FDFC-BD4E-471A-BA96-C8DBDEA094B1}.Debug|Any CPU.ActiveCfg = Debug|Any CPU
		{D783FDFC-BD4E-471A-BA96-C8DBDEA094B1}.Debug|Any CPU.Build.0 = Debug|Any CPU
		{D783FDFC-BD4E-471A-BA96-C8DBDEA094B1}.Release|Any CPU.ActiveCfg = Release|Any CPU
		{D783FDFC-BD4E-471A-BA96-C8DBDEA094B1}.Release|Any CPU.Build.0 = Release|Any CPU
		{4C770F45-1D78-417D-9635-09EBD08FCAC5}.Debug|Any CPU.ActiveCfg = Debug|Any CPU
		{4C770F45-1D78-417D-9635-09EBD08FCAC5}.Debug|Any CPU.Build.0 = Debug|Any CPU
		{4C770F45-1D78-417D-9635-09EBD08FCAC5}.Release|Any CPU.ActiveCfg = Release|Any CPU
		{4C770F45-1D78-417D-9635-09EBD08FCAC5}.Release|Any CPU.Build.0 = Release|Any CPU
		{FDD73C59-FA6A-4D12-A3B9-A41B5800CC16}.Debug|Any CPU.ActiveCfg = Debug|Any CPU
		{FDD73C59-FA6A-4D12-A3B9-A41B5800CC16}.Debug|Any CPU.Build.0 = Debug|Any CPU
		{FDD73C59-FA6A-4D12-A3B9-A41B5800CC16}.Release|Any CPU.ActiveCfg = Release|Any CPU
		{FDD73C59-FA6A-4D12-A3B9-A41B5800CC16}.Release|Any CPU.Build.0 = Release|Any CPU
		{914FF3A5-56B0-429A-9474-47DE37158060}.Debug|Any CPU.ActiveCfg = Debug|Any CPU
		{914FF3A5-56B0-429A-9474-47DE37158060}.Debug|Any CPU.Build.0 = Debug|Any CPU
		{914FF3A5-56B0-429A-9474-47DE37158060}.Release|Any CPU.ActiveCfg = Release|Any CPU
		{914FF3A5-56B0-429A-9474-47DE37158060}.Release|Any CPU.Build.0 = Release|Any CPU
		{240C7C15-4B3D-452A-A218-BB9B0D208DAB}.Debug|Any CPU.ActiveCfg = Debug|Any CPU
		{240C7C15-4B3D-452A-A218-BB9B0D208DAB}.Debug|Any CPU.Build.0 = Debug|Any CPU
		{240C7C15-4B3D-452A-A218-BB9B0D208DAB}.Release|Any CPU.ActiveCfg = Release|Any CPU
		{240C7C15-4B3D-452A-A218-BB9B0D208DAB}.Release|Any CPU.Build.0 = Release|Any CPU
	EndGlobalSection
	GlobalSection(SolutionProperties) = preSolution
		HideSolutionNode = FALSE
	EndGlobalSection
	GlobalSection(NestedProjects) = preSolution
		{0575EE5F-01B9-4E5E-8064-C1AC8FDD4FDD} = {74E92C85-F399-4307-A120-454617A85A4D}
		{32D1CD8C-0A04-4823-9A41-F91511F7FE54} = {74E92C85-F399-4307-A120-454617A85A4D}
		{E43301DB-10D5-4DBF-B322-87FF96DD4154} = {0575EE5F-01B9-4E5E-8064-C1AC8FDD4FDD}
		{714B17D8-865C-4891-9888-94260B1596CD} = {0575EE5F-01B9-4E5E-8064-C1AC8FDD4FDD}
		{32B5F160-D1FA-47A7-8E9A-0418F2A4DD96} = {0575EE5F-01B9-4E5E-8064-C1AC8FDD4FDD}
		{74812422-B31A-44EA-BA7E-4987B67BC6D1} = {E43301DB-10D5-4DBF-B322-87FF96DD4154}
		{EDD5E1C6-583A-4746-871C-BA14D14A12B0} = {714B17D8-865C-4891-9888-94260B1596CD}
		{B4344CE4-D1C5-40F7-B7F8-5C17FCF95CF7} = {32B5F160-D1FA-47A7-8E9A-0418F2A4DD96}
		{BFF12A2D-E2D0-4979-AD89-C4BE1CB39B34} = {B4344CE4-D1C5-40F7-B7F8-5C17FCF95CF7}
		{D9D59837-65F9-447B-97B5-B6E5C3A8AC05} = {B4344CE4-D1C5-40F7-B7F8-5C17FCF95CF7}
		{D0A7602E-EAB2-412D-BC0C-2E57AAF43FCF} = {B4344CE4-D1C5-40F7-B7F8-5C17FCF95CF7}
		{E7968E28-BD07-4007-80F1-15309687BFE2} = {B4344CE4-D1C5-40F7-B7F8-5C17FCF95CF7}
		{2267333A-013C-47B8-90F4-185F1CFD8584} = {B4344CE4-D1C5-40F7-B7F8-5C17FCF95CF7}
		{D783FDFC-BD4E-471A-BA96-C8DBDEA094B1} = {BFF12A2D-E2D0-4979-AD89-C4BE1CB39B34}
		{4C770F45-1D78-417D-9635-09EBD08FCAC5} = {D9D59837-65F9-447B-97B5-B6E5C3A8AC05}
		{FDD73C59-FA6A-4D12-A3B9-A41B5800CC16} = {D0A7602E-EAB2-412D-BC0C-2E57AAF43FCF}
		{914FF3A5-56B0-429A-9474-47DE37158060} = {E7968E28-BD07-4007-80F1-15309687BFE2}
		{240C7C15-4B3D-452A-A218-BB9B0D208DAB} = {2267333A-013C-47B8-90F4-185F1CFD8584}
	EndGlobalSection
	GlobalSection(ExtensibilityGlobals) = postSolution
		SolutionGuid = {04346261-4605-4EF8-95C5-F0288278C763}
	EndGlobalSection
EndGlobal
